// !$*UTF8*$!
{
	archiveVersion = 1;
	classes = {
	};
	objectVersion = 48;
	objects = {

/* Begin PBXBuildFile section */
		131E767D1FFAAEDD00F8FA71 /* AppDelegate.m in Sources */ = {isa = PBXBuildFile; fileRef = 131E767C1FFAAEDD00F8FA71 /* AppDelegate.m */; };
		131E76801FFAAEDD00F8FA71 /* MainViewController.m in Sources */ = {isa = PBXBuildFile; fileRef = 131E767F1FFAAEDD00F8FA71 /* MainViewController.m */; };
		131E76851FFAAEDD00F8FA71 /* Assets.xcassets in Resources */ = {isa = PBXBuildFile; fileRef = 131E76841FFAAEDD00F8FA71 /* Assets.xcassets */; };
		131E76881FFAAEDD00F8FA71 /* LaunchScreen.storyboard in Resources */ = {isa = PBXBuildFile; fileRef = 131E76861FFAAEDD00F8FA71 /* LaunchScreen.storyboard */; };
		131E768B1FFAAEDD00F8FA71 /* main.m in Sources */ = {isa = PBXBuildFile; fileRef = 131E768A1FFAAEDD00F8FA71 /* main.m */; };
		131E76941FFADAF900F8FA71 /* GoogleService-Info.plist in Resources */ = {isa = PBXBuildFile; fileRef = 131E76931FFADAF900F8FA71 /* GoogleService-Info.plist */; };
		131E769A1FFD3B2E00F8FA71 /* DataModel.xcdatamodeld in Sources */ = {isa = PBXBuildFile; fileRef = 131E76981FFD3B2E00F8FA71 /* DataModel.xcdatamodeld */; };
		9A6D641767896D3658626337 /* libPods-owesbt.a in Frameworks */ = {isa = PBXBuildFile; fileRef = F5E1D06296C3086E2EDF00CF /* libPods-owesbt.a */; };
/* End PBXBuildFile section */

/* Begin PBXFileReference section */
		131E76781FFAAEDD00F8FA71 /* owesbt.app */ = {isa = PBXFileReference; explicitFileType = wrapper.application; includeInIndex = 0; path = owesbt.app; sourceTree = BUILT_PRODUCTS_DIR; };
		131E767B1FFAAEDD00F8FA71 /* AppDelegate.h */ = {isa = PBXFileReference; lastKnownFileType = sourcecode.c.h; path = AppDelegate.h; sourceTree = "<group>"; };
		131E767C1FFAAEDD00F8FA71 /* AppDelegate.m */ = {isa = PBXFileReference; lastKnownFileType = sourcecode.c.objc; path = AppDelegate.m; sourceTree = "<group>"; };
		131E767E1FFAAEDD00F8FA71 /* MainViewController.h */ = {isa = PBXFileReference; lastKnownFileType = sourcecode.c.h; path = MainViewController.h; sourceTree = "<group>"; };
		131E767F1FFAAEDD00F8FA71 /* MainViewController.m */ = {isa = PBXFileReference; lastKnownFileType = sourcecode.c.objc; path = MainViewController.m; sourceTree = "<group>"; };
		131E76841FFAAEDD00F8FA71 /* Assets.xcassets */ = {isa = PBXFileReference; lastKnownFileType = folder.assetcatalog; path = Assets.xcassets; sourceTree = "<group>"; };
		131E76871FFAAEDD00F8FA71 /* Base */ = {isa = PBXFileReference; lastKnownFileType = file.storyboard; name = Base; path = Base.lproj/LaunchScreen.storyboard; sourceTree = "<group>"; };
		131E76891FFAAEDD00F8FA71 /* Info.plist */ = {isa = PBXFileReference; lastKnownFileType = text.plist.xml; path = Info.plist; sourceTree = "<group>"; };
		131E768A1FFAAEDD00F8FA71 /* main.m */ = {isa = PBXFileReference; lastKnownFileType = sourcecode.c.objc; path = main.m; sourceTree = "<group>"; };
		131E76931FFADAF900F8FA71 /* GoogleService-Info.plist */ = {isa = PBXFileReference; fileEncoding = 4; lastKnownFileType = text.plist.xml; path = "GoogleService-Info.plist"; sourceTree = "<group>"; };
		131E76991FFD3B2E00F8FA71 /* DataModel.xcdatamodel */ = {isa = PBXFileReference; lastKnownFileType = wrapper.xcdatamodel; path = DataModel.xcdatamodel; sourceTree = "<group>"; };
		25308D0FBE45B45C3EA65635 /* Pods-owesbt.release.xcconfig */ = {isa = PBXFileReference; includeInIndex = 1; lastKnownFileType = text.xcconfig; name = "Pods-owesbt.release.xcconfig"; path = "Pods/Target Support Files/Pods-owesbt/Pods-owesbt.release.xcconfig"; sourceTree = "<group>"; };
		2BBB001AA2F4B164C73B1C61 /* Pods-owesbt.debug.xcconfig */ = {isa = PBXFileReference; includeInIndex = 1; lastKnownFileType = text.xcconfig; name = "Pods-owesbt.debug.xcconfig"; path = "Pods/Target Support Files/Pods-owesbt/Pods-owesbt.debug.xcconfig"; sourceTree = "<group>"; };
		F5E1D06296C3086E2EDF00CF /* libPods-owesbt.a */ = {isa = PBXFileReference; explicitFileType = archive.ar; includeInIndex = 0; path = "libPods-owesbt.a"; sourceTree = BUILT_PRODUCTS_DIR; };
/* End PBXFileReference section */

/* Begin PBXFrameworksBuildPhase section */
		131E76751FFAAEDD00F8FA71 /* Frameworks */ = {
			isa = PBXFrameworksBuildPhase;
			buildActionMask = 2147483647;
			files = (
				9A6D641767896D3658626337 /* libPods-owesbt.a in Frameworks */,
			);
			runOnlyForDeploymentPostprocessing = 0;
		};
/* End PBXFrameworksBuildPhase section */

/* Begin PBXGroup section */
		131E766F1FFAAEDD00F8FA71 = {
			isa = PBXGroup;
			children = (
				131E767A1FFAAEDD00F8FA71 /* owesbt */,
				131E76791FFAAEDD00F8FA71 /* Products */,
				7736BDCDE37BA9477854598A /* Pods */,
				4FA5FA2F6697ABCD19A6728C /* Frameworks */,
			);
			sourceTree = "<group>";
		};
		131E76791FFAAEDD00F8FA71 /* Products */ = {
			isa = PBXGroup;
			children = (
				131E76781FFAAEDD00F8FA71 /* owesbt.app */,
			);
			name = Products;
			sourceTree = "<group>";
		};
		131E767A1FFAAEDD00F8FA71 /* owesbt */ = {
			isa = PBXGroup;
			children = (
				131E76931FFADAF900F8FA71 /* GoogleService-Info.plist */,
				131E767B1FFAAEDD00F8FA71 /* AppDelegate.h */,
				131E767C1FFAAEDD00F8FA71 /* AppDelegate.m */,
				131E767E1FFAAEDD00F8FA71 /* MainViewController.h */,
				131E767F1FFAAEDD00F8FA71 /* MainViewController.m */,
				131E76981FFD3B2E00F8FA71 /* DataModel.xcdatamodeld */,
				131E76841FFAAEDD00F8FA71 /* Assets.xcassets */,
				131E76861FFAAEDD00F8FA71 /* LaunchScreen.storyboard */,
				131E76891FFAAEDD00F8FA71 /* Info.plist */,
				131E768A1FFAAEDD00F8FA71 /* main.m */,
			);
			path = owesbt;
			sourceTree = "<group>";
		};
		4FA5FA2F6697ABCD19A6728C /* Frameworks */ = {
			isa = PBXGroup;
			children = (
				F5E1D06296C3086E2EDF00CF /* libPods-owesbt.a */,
			);
			name = Frameworks;
			sourceTree = "<group>";
		};
		7736BDCDE37BA9477854598A /* Pods */ = {
			isa = PBXGroup;
			children = (
				2BBB001AA2F4B164C73B1C61 /* Pods-owesbt.debug.xcconfig */,
				25308D0FBE45B45C3EA65635 /* Pods-owesbt.release.xcconfig */,
			);
			name = Pods;
			sourceTree = "<group>";
		};
/* End PBXGroup section */

/* Begin PBXNativeTarget section */
		131E76771FFAAEDD00F8FA71 /* owesbt */ = {
			isa = PBXNativeTarget;
			buildConfigurationList = 131E768E1FFAAEDD00F8FA71 /* Build configuration list for PBXNativeTarget "owesbt" */;
			buildPhases = (
				69F4272535C67B21A2CB5ECC /* [CP] Check Pods Manifest.lock */,
				131E76741FFAAEDD00F8FA71 /* Sources */,
				131E76751FFAAEDD00F8FA71 /* Frameworks */,
				131E76761FFAAEDD00F8FA71 /* Resources */,
				F46C03D56BC140ECD307B7A8 /* [CP] Embed Pods Frameworks */,
				5CE7129247EA8710594F935D /* [CP] Copy Pods Resources */,
			);
			buildRules = (
			);
			dependencies = (
			);
			name = owesbt;
			productName = owesbt;
			productReference = 131E76781FFAAEDD00F8FA71 /* owesbt.app */;
			productType = "com.apple.product-type.application";
		};
/* End PBXNativeTarget section */

/* Begin PBXProject section */
		131E76701FFAAEDD00F8FA71 /* Project object */ = {
			isa = PBXProject;
			attributes = {
				LastUpgradeCheck = 0920;
				ORGANIZATIONNAME = "Вячеслав Живетьев";
				TargetAttributes = {
					131E76771FFAAEDD00F8FA71 = {
						CreatedOnToolsVersion = 9.2;
						ProvisioningStyle = Automatic;
					};
				};
			};
			buildConfigurationList = 131E76731FFAAEDD00F8FA71 /* Build configuration list for PBXProject "owesbt" */;
			compatibilityVersion = "Xcode 8.0";
			developmentRegion = en;
			hasScannedForEncodings = 0;
			knownRegions = (
				en,
				Base,
			);
			mainGroup = 131E766F1FFAAEDD00F8FA71;
			productRefGroup = 131E76791FFAAEDD00F8FA71 /* Products */;
			projectDirPath = "";
			projectRoot = "";
			targets = (
				131E76771FFAAEDD00F8FA71 /* owesbt */,
			);
		};
/* End PBXProject section */

/* Begin PBXResourcesBuildPhase section */
		131E76761FFAAEDD00F8FA71 /* Resources */ = {
			isa = PBXResourcesBuildPhase;
			buildActionMask = 2147483647;
			files = (
				131E76881FFAAEDD00F8FA71 /* LaunchScreen.storyboard in Resources */,
				131E76851FFAAEDD00F8FA71 /* Assets.xcassets in Resources */,
				131E76941FFADAF900F8FA71 /* GoogleService-Info.plist in Resources */,
			);
			runOnlyForDeploymentPostprocessing = 0;
		};
/* End PBXResourcesBuildPhase section */

/* Begin PBXShellScriptBuildPhase section */
		5CE7129247EA8710594F935D /* [CP] Copy Pods Resources */ = {
			isa = PBXShellScriptBuildPhase;
			buildActionMask = 2147483647;
			files = (
			);
			inputPaths = (
				"${SRCROOT}/Pods/Target Support Files/Pods-owesbt/Pods-owesbt-resources.sh",
				"${PODS_ROOT}/GTMOAuth2/Source/Touch/GTMOAuth2ViewTouch.xib",
				"${PODS_ROOT}/GoogleSignIn/Resources/GoogleSignIn.bundle",
			);
			name = "[CP] Copy Pods Resources";
			outputPaths = (
				"${TARGET_BUILD_DIR}/${UNLOCALIZED_RESOURCES_FOLDER_PATH}",
			);
			runOnlyForDeploymentPostprocessing = 0;
			shellPath = /bin/sh;
			shellScript = "\"${SRCROOT}/Pods/Target Support Files/Pods-owesbt/Pods-owesbt-resources.sh\"\n";
			showEnvVarsInLog = 0;
		};
		69F4272535C67B21A2CB5ECC /* [CP] Check Pods Manifest.lock */ = {
			isa = PBXShellScriptBuildPhase;
			buildActionMask = 2147483647;
			files = (
			);
			inputPaths = (
				"${PODS_PODFILE_DIR_PATH}/Podfile.lock",
				"${PODS_ROOT}/Manifest.lock",
			);
			name = "[CP] Check Pods Manifest.lock";
			outputPaths = (
				"$(DERIVED_FILE_DIR)/Pods-owesbt-checkManifestLockResult.txt",
			);
			runOnlyForDeploymentPostprocessing = 0;
			shellPath = /bin/sh;
			shellScript = "diff \"${PODS_PODFILE_DIR_PATH}/Podfile.lock\" \"${PODS_ROOT}/Manifest.lock\" > /dev/null\nif [ $? != 0 ] ; then\n    # print error to STDERR\n    echo \"error: The sandbox is not in sync with the Podfile.lock. Run 'pod install' or update your CocoaPods installation.\" >&2\n    exit 1\nfi\n# This output is used by Xcode 'outputs' to avoid re-running this script phase.\necho \"SUCCESS\" > \"${SCRIPT_OUTPUT_FILE_0}\"\n";
			showEnvVarsInLog = 0;
		};
		F46C03D56BC140ECD307B7A8 /* [CP] Embed Pods Frameworks */ = {
			isa = PBXShellScriptBuildPhase;
			buildActionMask = 2147483647;
			files = (
			);
			inputPaths = (
			);
			name = "[CP] Embed Pods Frameworks";
			outputPaths = (
			);
			runOnlyForDeploymentPostprocessing = 0;
			shellPath = /bin/sh;
			shellScript = "\"${SRCROOT}/Pods/Target Support Files/Pods-owesbt/Pods-owesbt-frameworks.sh\"\n";
			showEnvVarsInLog = 0;
		};
/* End PBXShellScriptBuildPhase section */

/* Begin PBXSourcesBuildPhase section */
		131E76741FFAAEDD00F8FA71 /* Sources */ = {
			isa = PBXSourcesBuildPhase;
			buildActionMask = 2147483647;
			files = (
				131E76801FFAAEDD00F8FA71 /* MainViewController.m in Sources */,
				131E769A1FFD3B2E00F8FA71 /* DataModel.xcdatamodeld in Sources */,
				131E768B1FFAAEDD00F8FA71 /* main.m in Sources */,
				131E767D1FFAAEDD00F8FA71 /* AppDelegate.m in Sources */,
			);
			runOnlyForDeploymentPostprocessing = 0;
		};
/* End PBXSourcesBuildPhase section */

/* Begin PBXVariantGroup section */
		131E76861FFAAEDD00F8FA71 /* LaunchScreen.storyboard */ = {
			isa = PBXVariantGroup;
			children = (
				131E76871FFAAEDD00F8FA71 /* Base */,
			);
			name = LaunchScreen.storyboard;
			sourceTree = "<group>";
		};
/* End PBXVariantGroup section */

/* Begin XCBuildConfiguration section */
		131E768C1FFAAEDD00F8FA71 /* Debug */ = {
			isa = XCBuildConfiguration;
			buildSettings = {
				ALWAYS_SEARCH_USER_PATHS = NO;
				CLANG_ANALYZER_NONNULL = YES;
				CLANG_ANALYZER_NUMBER_OBJECT_CONVERSION = YES_AGGRESSIVE;
				CLANG_CXX_LANGUAGE_STANDARD = "gnu++14";
				CLANG_CXX_LIBRARY = "libc++";
				CLANG_ENABLE_MODULES = YES;
				CLANG_ENABLE_OBJC_ARC = YES;
				CLANG_WARN_BLOCK_CAPTURE_AUTORELEASING = YES;
				CLANG_WARN_BOOL_CONVERSION = YES;
				CLANG_WARN_COMMA = YES;
				CLANG_WARN_CONSTANT_CONVERSION = YES;
				CLANG_WARN_DIRECT_OBJC_ISA_USAGE = YES_ERROR;
				CLANG_WARN_DOCUMENTATION_COMMENTS = YES;
				CLANG_WARN_EMPTY_BODY = YES;
				CLANG_WARN_ENUM_CONVERSION = YES;
				CLANG_WARN_INFINITE_RECURSION = YES;
				CLANG_WARN_INT_CONVERSION = YES;
				CLANG_WARN_NON_LITERAL_NULL_CONVERSION = YES;
				CLANG_WARN_OBJC_LITERAL_CONVERSION = YES;
				CLANG_WARN_OBJC_ROOT_CLASS = YES_ERROR;
				CLANG_WARN_RANGE_LOOP_ANALYSIS = YES;
				CLANG_WARN_STRICT_PROTOTYPES = YES;
				CLANG_WARN_SUSPICIOUS_MOVE = YES;
				CLANG_WARN_UNGUARDED_AVAILABILITY = YES_AGGRESSIVE;
				CLANG_WARN_UNREACHABLE_CODE = YES;
				CLANG_WARN__DUPLICATE_METHOD_MATCH = YES;
				CODE_SIGN_IDENTITY = "iPhone Developer";
				COPY_PHASE_STRIP = NO;
				DEBUG_INFORMATION_FORMAT = dwarf;
				ENABLE_STRICT_OBJC_MSGSEND = YES;
				ENABLE_TESTABILITY = YES;
				GCC_C_LANGUAGE_STANDARD = gnu11;
				GCC_DYNAMIC_NO_PIC = NO;
				GCC_NO_COMMON_BLOCKS = YES;
				GCC_OPTIMIZATION_LEVEL = 0;
				GCC_PREPROCESSOR_DEFINITIONS = (
					"DEBUG=1",
					"$(inherited)",
				);
				GCC_WARN_64_TO_32_BIT_CONVERSION = YES;
				GCC_WARN_ABOUT_RETURN_TYPE = YES_ERROR;
				GCC_WARN_UNDECLARED_SELECTOR = YES;
				GCC_WARN_UNINITIALIZED_AUTOS = YES_AGGRESSIVE;
				GCC_WARN_UNUSED_FUNCTION = YES;
				GCC_WARN_UNUSED_VARIABLE = YES;
				IPHONEOS_DEPLOYMENT_TARGET = 11.2;
				MTL_ENABLE_DEBUG_INFO = YES;
				ONLY_ACTIVE_ARCH = YES;
				SDKROOT = iphoneos;
			};
			name = Debug;
		};
		131E768D1FFAAEDD00F8FA71 /* Release */ = {
			isa = XCBuildConfiguration;
			buildSettings = {
				ALWAYS_SEARCH_USER_PATHS = NO;
				CLANG_ANALYZER_NONNULL = YES;
				CLANG_ANALYZER_NUMBER_OBJECT_CONVERSION = YES_AGGRESSIVE;
				CLANG_CXX_LANGUAGE_STANDARD = "gnu++14";
				CLANG_CXX_LIBRARY = "libc++";
				CLANG_ENABLE_MODULES = YES;
				CLANG_ENABLE_OBJC_ARC = YES;
				CLANG_WARN_BLOCK_CAPTURE_AUTORELEASING = YES;
				CLANG_WARN_BOOL_CONVERSION = YES;
				CLANG_WARN_COMMA = YES;
				CLANG_WARN_CONSTANT_CONVERSION = YES;
				CLANG_WARN_DIRECT_OBJC_ISA_USAGE = YES_ERROR;
				CLANG_WARN_DOCUMENTATION_COMMENTS = YES;
				CLANG_WARN_EMPTY_BODY = YES;
				CLANG_WARN_ENUM_CONVERSION = YES;
				CLANG_WARN_INFINITE_RECURSION = YES;
				CLANG_WARN_INT_CONVERSION = YES;
				CLANG_WARN_NON_LITERAL_NULL_CONVERSION = YES;
				CLANG_WARN_OBJC_LITERAL_CONVERSION = YES;
				CLANG_WARN_OBJC_ROOT_CLASS = YES_ERROR;
				CLANG_WARN_RANGE_LOOP_ANALYSIS = YES;
				CLANG_WARN_STRICT_PROTOTYPES = YES;
				CLANG_WARN_SUSPICIOUS_MOVE = YES;
				CLANG_WARN_UNGUARDED_AVAILABILITY = YES_AGGRESSIVE;
				CLANG_WARN_UNREACHABLE_CODE = YES;
				CLANG_WARN__DUPLICATE_METHOD_MATCH = YES;
				CODE_SIGN_IDENTITY = "iPhone Developer";
				COPY_PHASE_STRIP = NO;
				DEBUG_INFORMATION_FORMAT = "dwarf-with-dsym";
				ENABLE_NS_ASSERTIONS = NO;
				ENABLE_STRICT_OBJC_MSGSEND = YES;
				GCC_C_LANGUAGE_STANDARD = gnu11;
				GCC_NO_COMMON_BLOCKS = YES;
				GCC_WARN_64_TO_32_BIT_CONVERSION = YES;
				GCC_WARN_ABOUT_RETURN_TYPE = YES_ERROR;
				GCC_WARN_UNDECLARED_SELECTOR = YES;
				GCC_WARN_UNINITIALIZED_AUTOS = YES_AGGRESSIVE;
				GCC_WARN_UNUSED_FUNCTION = YES;
				GCC_WARN_UNUSED_VARIABLE = YES;
				IPHONEOS_DEPLOYMENT_TARGET = 11.2;
				MTL_ENABLE_DEBUG_INFO = NO;
				SDKROOT = iphoneos;
				VALIDATE_PRODUCT = YES;
			};
			name = Release;
		};
		131E768F1FFAAEDD00F8FA71 /* Debug */ = {
			isa = XCBuildConfiguration;
			baseConfigurationReference = 2BBB001AA2F4B164C73B1C61 /* Pods-owesbt.debug.xcconfig */;
			buildSettings = {
				ASSETCATALOG_COMPILER_APPICON_NAME = AppIcon;
				CODE_SIGN_STYLE = Automatic;
				DEVELOPMENT_TEAM = L89AMX7695;
				INFOPLIST_FILE = owesbt/Info.plist;
				LD_RUNPATH_SEARCH_PATHS = "$(inherited) @executable_path/Frameworks";
				PRODUCT_BUNDLE_IDENTIFIER = com.vmz.owesbt;
				PRODUCT_NAME = "$(TARGET_NAME)";
				TARGETED_DEVICE_FAMILY = "1,2";
			};
			name = Debug;
		};
		131E76901FFAAEDD00F8FA71 /* Release */ = {
			isa = XCBuildConfiguration;
			baseConfigurationReference = 25308D0FBE45B45C3EA65635 /* Pods-owesbt.release.xcconfig */;
			buildSettings = {
				ASSETCATALOG_COMPILER_APPICON_NAME = AppIcon;
				CODE_SIGN_STYLE = Automatic;
				DEVELOPMENT_TEAM = L89AMX7695;
				INFOPLIST_FILE = owesbt/Info.plist;
				LD_RUNPATH_SEARCH_PATHS = "$(inherited) @executable_path/Frameworks";
				PRODUCT_BUNDLE_IDENTIFIER = com.vmz.owesbt;
				PRODUCT_NAME = "$(TARGET_NAME)";
				TARGETED_DEVICE_FAMILY = "1,2";
			};
			name = Release;
		};
/* End XCBuildConfiguration section */

/* Begin XCConfigurationList section */
		131E76731FFAAEDD00F8FA71 /* Build configuration list for PBXProject "owesbt" */ = {
			isa = XCConfigurationList;
			buildConfigurations = (
				131E768C1FFAAEDD00F8FA71 /* Debug */,
				131E768D1FFAAEDD00F8FA71 /* Release */,
			);
			defaultConfigurationIsVisible = 0;
			defaultConfigurationName = Release;
		};
		131E768E1FFAAEDD00F8FA71 /* Build configuration list for PBXNativeTarget "owesbt" */ = {
			isa = XCConfigurationList;
			buildConfigurations = (
				131E768F1FFAAEDD00F8FA71 /* Debug */,
				131E76901FFAAEDD00F8FA71 /* Release */,
			);
			defaultConfigurationIsVisible = 0;
			defaultConfigurationName = Release;
		};
/* End XCConfigurationList section */

/* Begin XCVersionGroup section */
		131E76981FFD3B2E00F8FA71 /* DataModel.xcdatamodeld */ = {
			isa = XCVersionGroup;
			children = (
				131E76991FFD3B2E00F8FA71 /* DataModel.xcdatamodel */,
			);
			currentVersion = 131E76991FFD3B2E00F8FA71 /* DataModel.xcdatamodel */;
			path = DataModel.xcdatamodeld;
			sourceTree = "<group>";
			versionGroupType = wrapper.xcdatamodel;
		};
/* End XCVersionGroup section */
	};
	rootObject = 131E76701FFAAEDD00F8FA71 /* Project object */;
}
